
Microsoft Visual Studio Solution File, Format Version 12.00
# Visual Studio Version 17
VisualStudioVersion = 17.14.36414.22 d17.14
MinimumVisualStudioVersion = 10.0.40219.1
Project("{FAE04EC0-301F-11D3-BF4B-00C04F79EFBC}") = "MyLunWen", "MyLunWen\MyLunWen.csproj", "{014474E1-E2D8-4B04-B8F4-C752739B398A}"
EndProject
Global
	GlobalSection(SolutionConfigurationPlatforms) = preSolution
		Debug|Any CPU = Debug|Any CPU
		Release|Any CPU = Release|Any CPU
	EndGlobalSection
	GlobalSection(ProjectConfigurationPlatforms) = postSolution
		{014474E1-E2D8-4B04-B8F4-C752739B398A}.Debug|Any CPU.ActiveCfg = Debug|Any CPU
		{014474E1-E2D8-4B04-B8F4-C752739B398A}.Debug|Any CPU.Build.0 = Debug|Any CPU
		{014474E1-E2D8-4B04-B8F4-C752739B398A}.Release|Any CPU.ActiveCfg = Release|Any CPU
		{014474E1-E2D8-4B04-B8F4-C752739B398A}.Release|Any CPU.Build.0 = Release|Any CPU
	EndGlobalSection
	GlobalSection(SolutionProperties) = preSolution
		HideSolutionNode = FALSE
	EndGlobalSection
	GlobalSection(ExtensibilityGlobals) = postSolution
		SolutionGuid = {DDCE2068-D628-49EF-BBCA-316C1EA6693C}
	EndGlobalSection
EndGlobal
